{
  "version": 4,
  "terraform_version": "1.1.9",
  "serial": 57,
  "lineage": "884411bc-6b8f-5ade-6852-1bd05f25bbe6",
  "outputs": {
    "cidr_block": {
      "value": "10.0.0.0/16",
      "type": "string"
    },
    "vpc_name": {
      "value": "vpc-0e21ceb0e289f2519",
      "type": "string"
    }
  },
  "resources": [
    {
      "mode": "managed",
      "type": "aws_route_table",
      "name": "seshagiri_app_rt",
      "provider": "provider[\"registry.terraform.io/hashicorp/aws\"]",
      "instances": [
        {
          "schema_version": 0,
          "attributes": {
            "arn": "arn:aws:ec2:ap-south-1:421537665632:route-table/rtb-0988f5b0af94b139a",
            "id": "rtb-0988f5b0af94b139a",
            "owner_id": "421537665632",
            "propagating_vgws": [],
            "route": [],
            "tags": {
              "description": "route table mapped to vpc",
              "name": "seshagiri_route_table"
            },
            "tags_all": {
              "description": "route table mapped to vpc",
              "name": "seshagiri_route_table"
            },
            "timeouts": null,
            "vpc_id": "vpc-0e21ceb0e289f2519"
          },
          "sensitive_attributes": [],
          "private": "eyJlMmJmYjczMC1lY2FhLTExZTYtOGY4OC0zNDM2M2JjN2M0YzAiOnsiY3JlYXRlIjozMDAwMDAwMDAwMDAsImRlbGV0ZSI6MzAwMDAwMDAwMDAwLCJ1cGRhdGUiOjEyMDAwMDAwMDAwMH19",
          "dependencies": [
            "aws_vpc.seshagiri-app-vpc"
          ]
        }
      ]
    },
    {
      "mode": "managed",
      "type": "aws_route_table_association",
      "name": "seshagiri_app_rt_assoc",
      "provider": "provider[\"registry.terraform.io/hashicorp/aws\"]",
      "instances": [
        {
          "index_key": "subnet1_public",
          "schema_version": 0,
          "attributes": {
            "gateway_id": "",
            "id": "rtbassoc-0294ed18b8293f508",
            "route_table_id": "rtb-0988f5b0af94b139a",
            "subnet_id": "subnet-07556ced377f38b62"
          },
          "sensitive_attributes": [],
          "private": "bnVsbA==",
          "dependencies": [
            "aws_route_table.seshagiri_app_rt",
            "aws_subnet.seshagiri_app_subnet",
            "aws_vpc.seshagiri-app-vpc"
          ]
        },
        {
          "index_key": "subnet2_public",
          "schema_version": 0,
          "attributes": {
            "gateway_id": "",
            "id": "rtbassoc-08b82a0754bdcb500",
            "route_table_id": "rtb-0988f5b0af94b139a",
            "subnet_id": "subnet-0524c48debc088072"
          },
          "sensitive_attributes": [],
          "private": "bnVsbA==",
          "dependencies": [
            "aws_route_table.seshagiri_app_rt",
            "aws_subnet.seshagiri_app_subnet",
            "aws_vpc.seshagiri-app-vpc"
          ]
        },
        {
          "index_key": "subnet3_private",
          "schema_version": 0,
          "attributes": {
            "gateway_id": "",
            "id": "rtbassoc-0b965c125a94a84e6",
            "route_table_id": "rtb-0988f5b0af94b139a",
            "subnet_id": "subnet-0755de83cc4de1985"
          },
          "sensitive_attributes": [],
          "private": "bnVsbA==",
          "dependencies": [
            "aws_route_table.seshagiri_app_rt",
            "aws_subnet.seshagiri_app_subnet",
            "aws_vpc.seshagiri-app-vpc"
          ]
        },
        {
          "index_key": "subnet4_private",
          "schema_version": 0,
          "attributes": {
            "gateway_id": "",
            "id": "rtbassoc-03367df6526cbe579",
            "route_table_id": "rtb-0988f5b0af94b139a",
            "subnet_id": "subnet-0a29e5519d7722047"
          },
          "sensitive_attributes": [],
          "private": "bnVsbA==",
          "dependencies": [
            "aws_route_table.seshagiri_app_rt",
            "aws_subnet.seshagiri_app_subnet",
            "aws_vpc.seshagiri-app-vpc"
          ]
        }
      ]
    },
    {
      "mode": "managed",
      "type": "aws_subnet",
      "name": "seshagiri_app_subnet",
      "provider": "provider[\"registry.terraform.io/hashicorp/aws\"]",
      "instances": [
        {
          "index_key": "subnet1_public",
          "schema_version": 1,
          "attributes": {
            "arn": "arn:aws:ec2:ap-south-1:421537665632:subnet/subnet-07556ced377f38b62",
            "assign_ipv6_address_on_creation": false,
            "availability_zone": "ap-south-1a",
            "availability_zone_id": "aps1-az1",
            "cidr_block": "10.0.1.0/24",
            "customer_owned_ipv4_pool": "",
            "enable_dns64": false,
            "enable_resource_name_dns_a_record_on_launch": false,
            "enable_resource_name_dns_aaaa_record_on_launch": false,
            "id": "subnet-07556ced377f38b62",
            "ipv6_cidr_block": "",
            "ipv6_cidr_block_association_id": "",
            "ipv6_native": false,
            "map_customer_owned_ip_on_launch": false,
            "map_public_ip_on_launch": true,
            "outpost_arn": "",
            "owner_id": "421537665632",
            "private_dns_hostname_type_on_launch": "ip-name",
            "tags": {
              "name": "subnet1_public"
            },
            "tags_all": {
              "name": "subnet1_public"
            },
            "timeouts": null,
            "vpc_id": "vpc-0e21ceb0e289f2519"
          },
          "sensitive_attributes": [],
          "private": "eyJlMmJmYjczMC1lY2FhLTExZTYtOGY4OC0zNDM2M2JjN2M0YzAiOnsiY3JlYXRlIjo2MDAwMDAwMDAwMDAsImRlbGV0ZSI6MTIwMDAwMDAwMDAwMH0sInNjaGVtYV92ZXJzaW9uIjoiMSJ9",
          "dependencies": [
            "aws_vpc.seshagiri-app-vpc"
          ]
        },
        {
          "index_key": "subnet2_public",
          "schema_version": 1,
          "attributes": {
            "arn": "arn:aws:ec2:ap-south-1:421537665632:subnet/subnet-0524c48debc088072",
            "assign_ipv6_address_on_creation": false,
            "availability_zone": "ap-south-1a",
            "availability_zone_id": "aps1-az1",
            "cidr_block": "10.0.2.0/24",
            "customer_owned_ipv4_pool": "",
            "enable_dns64": false,
            "enable_resource_name_dns_a_record_on_launch": false,
            "enable_resource_name_dns_aaaa_record_on_launch": false,
            "id": "subnet-0524c48debc088072",
            "ipv6_cidr_block": "",
            "ipv6_cidr_block_association_id": "",
            "ipv6_native": false,
            "map_customer_owned_ip_on_launch": false,
            "map_public_ip_on_launch": true,
            "outpost_arn": "",
            "owner_id": "421537665632",
            "private_dns_hostname_type_on_launch": "ip-name",
            "tags": {
              "name": "subnet2_public"
            },
            "tags_all": {
              "name": "subnet2_public"
            },
            "timeouts": null,
            "vpc_id": "vpc-0e21ceb0e289f2519"
          },
          "sensitive_attributes": [],
          "private": "eyJlMmJmYjczMC1lY2FhLTExZTYtOGY4OC0zNDM2M2JjN2M0YzAiOnsiY3JlYXRlIjo2MDAwMDAwMDAwMDAsImRlbGV0ZSI6MTIwMDAwMDAwMDAwMH0sInNjaGVtYV92ZXJzaW9uIjoiMSJ9",
          "dependencies": [
            "aws_vpc.seshagiri-app-vpc"
          ]
        },
        {
          "index_key": "subnet3_private",
          "schema_version": 1,
          "attributes": {
            "arn": "arn:aws:ec2:ap-south-1:421537665632:subnet/subnet-0755de83cc4de1985",
            "assign_ipv6_address_on_creation": false,
            "availability_zone": "ap-south-1b",
            "availability_zone_id": "aps1-az3",
            "cidr_block": "10.0.3.0/24",
            "customer_owned_ipv4_pool": "",
            "enable_dns64": false,
            "enable_resource_name_dns_a_record_on_launch": false,
            "enable_resource_name_dns_aaaa_record_on_launch": false,
            "id": "subnet-0755de83cc4de1985",
            "ipv6_cidr_block": "",
            "ipv6_cidr_block_association_id": "",
            "ipv6_native": false,
            "map_customer_owned_ip_on_launch": false,
            "map_public_ip_on_launch": false,
            "outpost_arn": "",
            "owner_id": "421537665632",
            "private_dns_hostname_type_on_launch": "ip-name",
            "tags": {
              "name": "subnet3_private"
            },
            "tags_all": {
              "name": "subnet3_private"
            },
            "timeouts": null,
            "vpc_id": "vpc-0e21ceb0e289f2519"
          },
          "sensitive_attributes": [],
          "private": "eyJlMmJmYjczMC1lY2FhLTExZTYtOGY4OC0zNDM2M2JjN2M0YzAiOnsiY3JlYXRlIjo2MDAwMDAwMDAwMDAsImRlbGV0ZSI6MTIwMDAwMDAwMDAwMH0sInNjaGVtYV92ZXJzaW9uIjoiMSJ9",
          "dependencies": [
            "aws_vpc.seshagiri-app-vpc"
          ]
        },
        {
          "index_key": "subnet4_private",
          "schema_version": 1,
          "attributes": {
            "arn": "arn:aws:ec2:ap-south-1:421537665632:subnet/subnet-0a29e5519d7722047",
            "assign_ipv6_address_on_creation": false,
            "availability_zone": "ap-south-1b",
            "availability_zone_id": "aps1-az3",
            "cidr_block": "10.0.4.0/24",
            "customer_owned_ipv4_pool": "",
            "enable_dns64": false,
            "enable_resource_name_dns_a_record_on_launch": false,
            "enable_resource_name_dns_aaaa_record_on_launch": false,
            "id": "subnet-0a29e5519d7722047",
            "ipv6_cidr_block": "",
            "ipv6_cidr_block_association_id": "",
            "ipv6_native": false,
            "map_customer_owned_ip_on_launch": false,
            "map_public_ip_on_launch": false,
            "outpost_arn": "",
            "owner_id": "421537665632",
            "private_dns_hostname_type_on_launch": "ip-name",
            "tags": {
              "name": "subnet4_private"
            },
            "tags_all": {
              "name": "subnet4_private"
            },
            "timeouts": null,
            "vpc_id": "vpc-0e21ceb0e289f2519"
          },
          "sensitive_attributes": [],
          "private": "eyJlMmJmYjczMC1lY2FhLTExZTYtOGY4OC0zNDM2M2JjN2M0YzAiOnsiY3JlYXRlIjo2MDAwMDAwMDAwMDAsImRlbGV0ZSI6MTIwMDAwMDAwMDAwMH0sInNjaGVtYV92ZXJzaW9uIjoiMSJ9",
          "dependencies": [
            "aws_vpc.seshagiri-app-vpc"
          ]
        }
      ]
    },
    {
      "mode": "managed",
      "type": "aws_vpc",
      "name": "seshagiri-app-vpc",
      "provider": "provider[\"registry.terraform.io/hashicorp/aws\"]",
      "instances": [
        {
          "schema_version": 1,
          "attributes": {
            "arn": "arn:aws:ec2:ap-south-1:421537665632:vpc/vpc-0e21ceb0e289f2519",
            "assign_generated_ipv6_cidr_block": false,
            "cidr_block": "10.0.0.0/16",
            "default_network_acl_id": "acl-0d419b800bbfa4b90",
            "default_route_table_id": "rtb-0c1c3d9e6fa476fa8",
            "default_security_group_id": "sg-081b8382dfc559b32",
            "dhcp_options_id": "dopt-c48222af",
            "enable_classiclink": false,
            "enable_classiclink_dns_support": false,
            "enable_dns_hostnames": true,
            "enable_dns_support": true,
            "enable_network_address_usage_metrics": false,
            "id": "vpc-0e21ceb0e289f2519",
            "instance_tenancy": "default",
            "ipv4_ipam_pool_id": null,
            "ipv4_netmask_length": null,
            "ipv6_association_id": "",
            "ipv6_cidr_block": "",
            "ipv6_cidr_block_network_border_group": "",
            "ipv6_ipam_pool_id": "",
            "ipv6_netmask_length": 0,
            "main_route_table_id": "rtb-0c1c3d9e6fa476fa8",
            "owner_id": "421537665632",
            "tags": {
              "name": "Seshagiri_product_app"
            },
            "tags_all": {
              "name": "Seshagiri_product_app"
            }
          },
          "sensitive_attributes": [],
          "private": "eyJzY2hlbWFfdmVyc2lvbiI6IjEifQ=="
        }
      ]
    }
  ]
}
